[[package]]
name = "tomlkit"
version = "0.9.1"
description = "Style preserving TOML library"
category = "main"
optional = false
python-versions = ">=3.6,<4.0"

[metadata]
lock-version = "1.1"
python-versions = "^3.7"
content-hash = "816981c5e5bfd8ef2316f2f34e1ec0793b67fe93c154ebec0180d59f960b1b5b"

[metadata.files]
tomlkit = [
    {file = "tomlkit-0.9.1-py3-none-any.whl", hash = "sha256:01407892165b513969231085a33d4be2cb41f186d9fd072c975b6bd1435371b0"},
    {file = "tomlkit-0.9.1.tar.gz", hash = "sha256:3bdbfffc3ae6c8628b5fb6ed7b459edb8476472eae15033b705bc7d1380b3e3d"},
]
