[[package]]
name = "tomlkit"
version = "0.11.5"
description = "Style preserving TOML library"
category = "main"
optional = false
python-versions = ">=3.6,<4.0"

[metadata]
lock-version = "1.1"
python-versions = "^3.7"
content-hash = "b8e90319e310ebf7943dda5c3d3d25656a13343bf408a8df19ba6d9216564100"

[metadata.files]
tomlkit = [
    {file = "tomlkit-0.11.5-py3-none-any.whl", hash = "sha256:f2ef9da9cef846ee027947dc99a45d6b68a63b0ebc21944649505bf2e8bc5fe7"},
    {file = "tomlkit-0.11.5.tar.gz", hash = "sha256:571854ebbb5eac89abcb4a2e47d7ea27b89bf29e09c35395da6f03dd4ae23d1c"},
]
