[[package]]
name = "tomlkit"
version = "0.10.0"
description = "Style preserving TOML library"
category = "main"
optional = false
python-versions = ">=3.6,<4.0"

[metadata]
lock-version = "1.1"
python-versions = "^3.7"
content-hash = "991b4b36e2a87d52d4d4eccb371b4b308d215c5fd30ea90374d251dd518f5fd3"

[metadata.files]
tomlkit = [
    {file = "tomlkit-0.10.0-py3-none-any.whl", hash = "sha256:cac4aeaff42f18fef6e07831c2c2689a51df76cf2ede07a6a4fa5fcb83558870"},
    {file = "tomlkit-0.10.0.tar.gz", hash = "sha256:d99946c6aed3387c98b89d91fb9edff8f901bf9255901081266a84fb5604adcd"},
]
