[[package]]
name = "async-generator"
version = "1.10"
description = "Async generators and context managers for Python 3.5+"
category = "main"
optional = false
python-versions = ">=3.5"

[[package]]
name = "attrs"
version = "21.2.0"
description = "Classes Without Boilerplate"
category = "main"
optional = false
python-versions = ">=2.7, !=3.0.*, !=3.1.*, !=3.2.*, !=3.3.*, !=3.4.*"

[package.extras]
dev = ["coverage[toml] (>=5.0.2)", "hypothesis", "pympler", "pytest (>=4.3.0)", "six", "mypy", "pytest-mypy-plugins", "zope.interface", "furo", "sphinx", "sphinx-notfound-page", "pre-commit"]
docs = ["furo", "sphinx", "zope.interface", "sphinx-notfound-page"]
tests = ["coverage[toml] (>=5.0.2)", "hypothesis", "pympler", "pytest (>=4.3.0)", "six", "mypy", "pytest-mypy-plugins", "zope.interface"]
tests_no_zope = ["coverage[toml] (>=5.0.2)", "hypothesis", "pympler", "pytest (>=4.3.0)", "six", "mypy", "pytest-mypy-plugins"]

[[package]]
name = "cached-property"
version = "1.5.2"
description = "A decorator for caching properties in classes."
category = "main"
optional = false
python-versions = "*"

[[package]]
name = "cffi"
version = "1.14.3"
description = "Foreign Function Interface for Python calling C code."
category = "main"
optional = false
python-versions = "*"

[package.dependencies]
pycparser = "*"

[[package]]
name = "colorama"
version = "0.4.3"
description = "Cross-platform colored terminal text."
category = "main"
optional = false
python-versions = ">=2.7, !=3.0.*, !=3.1.*, !=3.2.*, !=3.3.*, !=3.4.*"

[[package]]
name = "commonmark"
version = "0.9.1"
description = "Python parser for the CommonMark Markdown spec"
category = "main"
optional = false
python-versions = "*"

[package.extras]
test = ["flake8 (==3.7.8)", "hypothesis (==3.55.3)"]

[[package]]
name = "idna"
version = "3.2"
description = "Internationalized Domain Names in Applications (IDNA)"
category = "main"
optional = false
python-versions = ">=3.5"

[[package]]
name = "outcome"
version = "1.1.0"
description = "Capture the outcome of Python function calls."
category = "main"
optional = false
python-versions = ">=3.6"

[package.dependencies]
attrs = ">=19.2.0"

[[package]]
name = "pathtools"
version = "0.1.2"
description = "File system general utilities"
category = "main"
optional = false
python-versions = "*"

[[package]]
name = "pycparser"
version = "2.20"
description = "C parser in Python"
category = "main"
optional = false
python-versions = ">=2.7, !=3.0.*, !=3.1.*, !=3.2.*, !=3.3.*"

[[package]]
name = "pygit2"
version = "1.4.0"
description = "Python bindings for libgit2."
category = "main"
optional = false
python-versions = "*"

[package.dependencies]
cached-property = "*"
cffi = ">=1.4.0"

[[package]]
name = "pygments"
version = "2.7.4"
description = "Pygments is a syntax highlighting package written in Python."
category = "main"
optional = false
python-versions = ">=3.5"

[[package]]
name = "pywatchman"
version = "1.4.1"
description = "Watchman client for python"
category = "main"
optional = false
python-versions = "*"

[[package]]
name = "readchar"
version = "2.0.1"
description = "Utilities to read single characters and key-strokes"
category = "main"
optional = false
python-versions = "*"

[[package]]
name = "rich"
version = "7.0.0"
description = "Render rich text, tables, progress bars, syntax highlighting, markdown and more to the terminal"
category = "main"
optional = false
python-versions = ">=3.6,<4.0"

[package.dependencies]
colorama = ">=0.4.0,<0.5.0"
commonmark = ">=0.9.0,<0.10.0"
pygments = ">=2.6.0,<3.0.0"
typing-extensions = ">=3.7.4,<4.0.0"

[package.extras]
jupyter = ["ipywidgets (>=7.5.1,<8.0.0)"]

[[package]]
name = "sniffio"
version = "1.2.0"
description = "Sniff out which async library your code is running under"
category = "main"
optional = false
python-versions = ">=3.5"

[[package]]
name = "sortedcontainers"
version = "2.4.0"
description = "Sorted Containers -- Sorted List, Sorted Dict, Sorted Set"
category = "main"
optional = false
python-versions = "*"

[[package]]
name = "trio"
version = "0.18.0"
description = "A friendly Python library for async concurrency and I/O"
category = "main"
optional = false
python-versions = ">=3.6"

[package.dependencies]
async-generator = ">=1.9"
attrs = ">=19.2.0"
cffi = {version = ">=1.14", markers = "os_name == \"nt\" and implementation_name != \"pypy\""}
idna = "*"
outcome = "*"
sniffio = "*"
sortedcontainers = "*"

[[package]]
name = "typing-extensions"
version = "3.7.4.3"
description = "Backported and Experimental Type Hints for Python 3.5+"
category = "main"
optional = false
python-versions = "*"

[[package]]
name = "watchdog"
version = "0.10.3"
description = "Filesystem events monitoring"
category = "main"
optional = false
python-versions = "*"

[package.dependencies]
pathtools = ">=0.1.1"

[package.extras]
watchmedo = ["PyYAML (>=3.10)", "argh (>=0.24.1)"]

[metadata]
lock-version = "1.1"
python-versions = "^3.8"
content-hash = "b232d31fd19a6d0d494cb73ea56546c9aef5d7ad48447254405115712685088a"

[metadata.files]
async-generator = [
    {file = "async_generator-1.10-py3-none-any.whl", hash = "sha256:01c7bf666359b4967d2cda0000cc2e4af16a0ae098cbffcb8472fb9e8ad6585b"},
    {file = "async_generator-1.10.tar.gz", hash = "sha256:6ebb3d106c12920aaae42ccb6f787ef5eefdcdd166ea3d628fa8476abe712144"},
]
attrs = [
    {file = "attrs-21.2.0-py2.py3-none-any.whl", hash = "sha256:149e90d6d8ac20db7a955ad60cf0e6881a3f20d37096140088356da6c716b0b1"},
    {file = "attrs-21.2.0.tar.gz", hash = "sha256:ef6aaac3ca6cd92904cdd0d83f629a15f18053ec84e6432106f7a4d04ae4f5fb"},
]
cached-property = [
    {file = "cached-property-1.5.2.tar.gz", hash = "sha256:9fa5755838eecbb2d234c3aa390bd80fbd3ac6b6869109bfc1b499f7bd89a130"},
    {file = "cached_property-1.5.2-py2.py3-none-any.whl", hash = "sha256:df4f613cf7ad9a588cc381aaf4a512d26265ecebd5eb9e1ba12f1319eb85a6a0"},
]
cffi = [
    {file = "cffi-1.14.3-2-cp27-cp27m-macosx_10_9_x86_64.whl", hash = "sha256:3eeeb0405fd145e714f7633a5173318bd88d8bbfc3dd0a5751f8c4f70ae629bc"},
    {file = "cffi-1.14.3-2-cp35-cp35m-macosx_10_9_x86_64.whl", hash = "sha256:cb763ceceae04803adcc4e2d80d611ef201c73da32d8f2722e9d0ab0c7f10768"},
    {file = "cffi-1.14.3-2-cp36-cp36m-macosx_10_9_x86_64.whl", hash = "sha256:44f60519595eaca110f248e5017363d751b12782a6f2bd6a7041cba275215f5d"},
    {file = "cffi-1.14.3-2-cp37-cp37m-macosx_10_9_x86_64.whl", hash = "sha256:c53af463f4a40de78c58b8b2710ade243c81cbca641e34debf3396a9640d6ec1"},
    {file = "cffi-1.14.3-2-cp38-cp38-macosx_10_9_x86_64.whl", hash = "sha256:33c6cdc071ba5cd6d96769c8969a0531be2d08c2628a0143a10a7dcffa9719ca"},
    {file = "cffi-1.14.3-2-cp39-cp39-macosx_10_9_x86_64.whl", hash = "sha256:c11579638288e53fc94ad60022ff1b67865363e730ee41ad5e6f0a17188b327a"},
    {file = "cffi-1.14.3-cp27-cp27m-manylinux1_i686.whl", hash = "sha256:3cb3e1b9ec43256c4e0f8d2837267a70b0e1ca8c4f456685508ae6106b1f504c"},
    {file = "cffi-1.14.3-cp27-cp27m-manylinux1_x86_64.whl", hash = "sha256:f0620511387790860b249b9241c2f13c3a80e21a73e0b861a2df24e9d6f56730"},
    {file = "cffi-1.14.3-cp27-cp27m-win32.whl", hash = "sha256:005f2bfe11b6745d726dbb07ace4d53f057de66e336ff92d61b8c7e9c8f4777d"},
    {file = "cffi-1.14.3-cp27-cp27m-win_amd64.whl", hash = "sha256:2f9674623ca39c9ebe38afa3da402e9326c245f0f5ceff0623dccdac15023e05"},
    {file = "cffi-1.14.3-cp27-cp27mu-manylinux1_i686.whl", hash = "sha256:09e96138280241bd355cd585148dec04dbbedb4f46128f340d696eaafc82dd7b"},
    {file = "cffi-1.14.3-cp27-cp27mu-manylinux1_x86_64.whl", hash = "sha256:3363e77a6176afb8823b6e06db78c46dbc4c7813b00a41300a4873b6ba63b171"},
    {file = "cffi-1.14.3-cp35-cp35m-manylinux1_i686.whl", hash = "sha256:0ef488305fdce2580c8b2708f22d7785ae222d9825d3094ab073e22e93dfe51f"},
    {file = "cffi-1.14.3-cp35-cp35m-manylinux1_x86_64.whl", hash = "sha256:0b1ad452cc824665ddc682400b62c9e4f5b64736a2ba99110712fdee5f2505c4"},
    {file = "cffi-1.14.3-cp35-cp35m-win32.whl", hash = "sha256:85ba797e1de5b48aa5a8427b6ba62cf69607c18c5d4eb747604b7302f1ec382d"},
    {file = "cffi-1.14.3-cp35-cp35m-win_amd64.whl", hash = "sha256:e66399cf0fc07de4dce4f588fc25bfe84a6d1285cc544e67987d22663393926d"},
    {file = "cffi-1.14.3-cp36-cp36m-manylinux1_i686.whl", hash = "sha256:15f351bed09897fbda218e4db5a3d5c06328862f6198d4fb385f3e14e19decb3"},
    {file = "cffi-1.14.3-cp36-cp36m-manylinux1_x86_64.whl", hash = "sha256:4d7c26bfc1ea9f92084a1d75e11999e97b62d63128bcc90c3624d07813c52808"},
    {file = "cffi-1.14.3-cp36-cp36m-manylinux2014_aarch64.whl", hash = "sha256:23e5d2040367322824605bc29ae8ee9175200b92cb5483ac7d466927a9b3d537"},
    {file = "cffi-1.14.3-cp36-cp36m-win32.whl", hash = "sha256:a624fae282e81ad2e4871bdb767e2c914d0539708c0f078b5b355258293c98b0"},
    {file = "cffi-1.14.3-cp36-cp36m-win_amd64.whl", hash = "sha256:de31b5164d44ef4943db155b3e8e17929707cac1e5bd2f363e67a56e3af4af6e"},
    {file = "cffi-1.14.3-cp37-cp37m-manylinux1_i686.whl", hash = "sha256:f92cdecb618e5fa4658aeb97d5eb3d2f47aa94ac6477c6daf0f306c5a3b9e6b1"},
    {file = "cffi-1.14.3-cp37-cp37m-manylinux1_x86_64.whl", hash = "sha256:22399ff4870fb4c7ef19fff6eeb20a8bbf15571913c181c78cb361024d574579"},
    {file = "cffi-1.14.3-cp37-cp37m-manylinux2014_aarch64.whl", hash = "sha256:f4eae045e6ab2bb54ca279733fe4eb85f1effda392666308250714e01907f394"},
    {file = "cffi-1.14.3-cp37-cp37m-win32.whl", hash = "sha256:b0358e6fefc74a16f745afa366acc89f979040e0cbc4eec55ab26ad1f6a9bfbc"},
    {file = "cffi-1.14.3-cp37-cp37m-win_amd64.whl", hash = "sha256:6642f15ad963b5092d65aed022d033c77763515fdc07095208f15d3563003869"},
    {file = "cffi-1.14.3-cp38-cp38-manylinux1_i686.whl", hash = "sha256:2791f68edc5749024b4722500e86303a10d342527e1e3bcac47f35fbd25b764e"},
    {file = "cffi-1.14.3-cp38-cp38-manylinux1_x86_64.whl", hash = "sha256:529c4ed2e10437c205f38f3691a68be66c39197d01062618c55f74294a4a4828"},
    {file = "cffi-1.14.3-cp38-cp38-manylinux2014_aarch64.whl", hash = "sha256:8f0f1e499e4000c4c347a124fa6a27d37608ced4fe9f7d45070563b7c4c370c9"},
    {file = "cffi-1.14.3-cp38-cp38-win32.whl", hash = "sha256:3b8eaf915ddc0709779889c472e553f0d3e8b7bdf62dab764c8921b09bf94522"},
    {file = "cffi-1.14.3-cp38-cp38-win_amd64.whl", hash = "sha256:bbd2f4dfee1079f76943767fce837ade3087b578aeb9f69aec7857d5bf25db15"},
    {file = "cffi-1.14.3-cp39-cp39-manylinux1_i686.whl", hash = "sha256:cc75f58cdaf043fe6a7a6c04b3b5a0e694c6a9e24050967747251fb80d7bce0d"},
    {file = "cffi-1.14.3-cp39-cp39-manylinux1_x86_64.whl", hash = "sha256:bf39a9e19ce7298f1bd6a9758fa99707e9e5b1ebe5e90f2c3913a47bc548747c"},
    {file = "cffi-1.14.3-cp39-cp39-win32.whl", hash = "sha256:d80998ed59176e8cba74028762fbd9b9153b9afc71ea118e63bbf5d4d0f9552b"},
    {file = "cffi-1.14.3-cp39-cp39-win_amd64.whl", hash = "sha256:c150eaa3dadbb2b5339675b88d4573c1be3cb6f2c33a6c83387e10cc0bf05bd3"},
    {file = "cffi-1.14.3.tar.gz", hash = "sha256:f92f789e4f9241cd262ad7a555ca2c648a98178a953af117ef7fad46aa1d5591"},
]
colorama = [
    {file = "colorama-0.4.3-py2.py3-none-any.whl", hash = "sha256:7d73d2a99753107a36ac6b455ee49046802e59d9d076ef8e47b61499fa29afff"},
    {file = "colorama-0.4.3.tar.gz", hash = "sha256:e96da0d330793e2cb9485e9ddfd918d456036c7149416295932478192f4436a1"},
]
commonmark = [
    {file = "commonmark-0.9.1-py2.py3-none-any.whl", hash = "sha256:da2f38c92590f83de410ba1a3cbceafbc74fee9def35f9251ba9a971d6d66fd9"},
    {file = "commonmark-0.9.1.tar.gz", hash = "sha256:452f9dc859be7f06631ddcb328b6919c67984aca654e5fefb3914d54691aed60"},
]
idna = [
    {file = "idna-3.2-py3-none-any.whl", hash = "sha256:14475042e284991034cb48e06f6851428fb14c4dc953acd9be9a5e95c7b6dd7a"},
    {file = "idna-3.2.tar.gz", hash = "sha256:467fbad99067910785144ce333826c71fb0e63a425657295239737f7ecd125f3"},
]
outcome = [
    {file = "outcome-1.1.0-py2.py3-none-any.whl", hash = "sha256:c7dd9375cfd3c12db9801d080a3b63d4b0a261aa996c4c13152380587288d958"},
    {file = "outcome-1.1.0.tar.gz", hash = "sha256:e862f01d4e626e63e8f92c38d1f8d5546d3f9cce989263c521b2e7990d186967"},
]
pathtools = [
    {file = "pathtools-0.1.2.tar.gz", hash = "sha256:7c35c5421a39bb82e58018febd90e3b6e5db34c5443aaaf742b3f33d4655f1c0"},
]
pycparser = [
    {file = "pycparser-2.20-py2.py3-none-any.whl", hash = "sha256:7582ad22678f0fcd81102833f60ef8d0e57288b6b5fb00323d101be910e35705"},
    {file = "pycparser-2.20.tar.gz", hash = "sha256:2d475327684562c3a96cc71adf7dc8c4f0565175cf86b6d7a404ff4c771f15f0"},
]
pygit2 = [
    {file = "pygit2-1.4.0-cp36-cp36m-macosx_10_9_x86_64.whl", hash = "sha256:b422e417739def0a136a6355723dfe8a5ffc83db5098076f28a14f1d139779c1"},
    {file = "pygit2-1.4.0-cp36-cp36m-manylinux2010_x86_64.whl", hash = "sha256:32eb863d6651d4890ced318505ea8dc229bd9637deaf29c898de1ab574d727a0"},
    {file = "pygit2-1.4.0-cp36-cp36m-win32.whl", hash = "sha256:0d298098e286eeda000e49ca7e1b41f87300e10dd8b9d06b32b008bd61f50b83"},
    {file = "pygit2-1.4.0-cp36-cp36m-win_amd64.whl", hash = "sha256:9c8d5881eb709e2e2e13000b507a131bd5fb91a879581030088d0ddffbcd19af"},
    {file = "pygit2-1.4.0-cp37-cp37m-macosx_10_9_x86_64.whl", hash = "sha256:ddb7a1f6d38063e8724abfa1cfdfb0f9b25014b8bca0546274b7a84b873a3888"},
    {file = "pygit2-1.4.0-cp37-cp37m-manylinux2010_x86_64.whl", hash = "sha256:ec5c0365a9bdfcac1609d20868507b28685ec5ea7cc3a2c903c9b62ef2e0bbc0"},
    {file = "pygit2-1.4.0-cp37-cp37m-win32.whl", hash = "sha256:818c91b582109d90580c5da74af783738838353f15eb12eeb734d80a974b05a3"},
    {file = "pygit2-1.4.0-cp37-cp37m-win_amd64.whl", hash = "sha256:9c2f2d9ef59513007b66f6534b000792b614de3faf60313a0a68f6b8571aea85"},
    {file = "pygit2-1.4.0-cp38-cp38-macosx_10_9_x86_64.whl", hash = "sha256:8306a302487dac67df7af6a064bb37e8a8eb4138958f9560ff49ff162e185dab"},
    {file = "pygit2-1.4.0-cp38-cp38-manylinux2010_x86_64.whl", hash = "sha256:d0d889144e9487d926fecea947c3f39ce5f477e521d7d467d2e66907e4cd657d"},
    {file = "pygit2-1.4.0-cp38-cp38-win32.whl", hash = "sha256:41204b6f3406d9f53147710f3cc485d77181ba67f57c34d36b7c86de1c14a18c"},
    {file = "pygit2-1.4.0-cp38-cp38-win_amd64.whl", hash = "sha256:cf00481ddf053e549a6edd0216bdc267b292d261eae02a67bb3737de920cbf88"},
    {file = "pygit2-1.4.0-cp39-cp39-macosx_10_9_x86_64.whl", hash = "sha256:37d6d7d6d7804c42a0fe23425c72e38093488525092fc5e51a05684e63503ce7"},
    {file = "pygit2-1.4.0-cp39-cp39-manylinux2010_x86_64.whl", hash = "sha256:e9037a7d810750fe23c9f5641ef14a0af2525ff03e14752cd4f73e1870ecfcb0"},
    {file = "pygit2-1.4.0-cp39-cp39-win32.whl", hash = "sha256:fdd8ba30cda277290e000322f505132f590cf89bd7d31829b45a3cb57447ec32"},
    {file = "pygit2-1.4.0-cp39-cp39-win_amd64.whl", hash = "sha256:0ee135eb2cd8b07ce1374f3596cc5c3213472d6389bad6a4c5d87d8e267e93e9"},
    {file = "pygit2-1.4.0.tar.gz", hash = "sha256:cbeb38ab1df9b5d8896548a11e63aae8a064763ab5f1eabe4475e6b8a78ee1c8"},
]
pygments = [
    {file = "Pygments-2.7.4-py3-none-any.whl", hash = "sha256:bc9591213a8f0e0ca1a5e68a479b4887fdc3e75d0774e5c71c31920c427de435"},
    {file = "Pygments-2.7.4.tar.gz", hash = "sha256:df49d09b498e83c1a73128295860250b0b7edd4c723a32e9bc0d295c7c2ec337"},
]
pywatchman = [
    {file = "pywatchman-1.4.1.tar.gz", hash = "sha256:d0047eb275deafb0011eda0a1a815fbd9742478c3d2b5ad6956d300e447dc2f9"},
]
readchar = [
    {file = "readchar-2.0.1-py2-none-any.whl", hash = "sha256:ed00b7a49bb12f345319d9fa393f289f03670310ada2beb55e8c3f017c648f1e"},
    {file = "readchar-2.0.1-py3-none-any.whl", hash = "sha256:3ac34aab28563bc895f73233d5c08b28f951ca190d5850b8d4bec973132a8dca"},
]
rich = [
    {file = "rich-7.0.0-py3-none-any.whl", hash = "sha256:941c679ea681f0915eb986e48c38fa74f661f31bf815a3be696b27588469faf3"},
    {file = "rich-7.0.0.tar.gz", hash = "sha256:291700f5c09fae83676f44781d01a292c39efad9505dd4724899646b794f9afb"},
]
sniffio = [
    {file = "sniffio-1.2.0-py3-none-any.whl", hash = "sha256:471b71698eac1c2112a40ce2752bb2f4a4814c22a54a3eed3676bc0f5ca9f663"},
    {file = "sniffio-1.2.0.tar.gz", hash = "sha256:c4666eecec1d3f50960c6bdf61ab7bc350648da6c126e3cf6898d8cd4ddcd3de"},
]
sortedcontainers = [
    {file = "sortedcontainers-2.4.0-py2.py3-none-any.whl", hash = "sha256:a163dcaede0f1c021485e957a39245190e74249897e2ae4b2aa38595db237ee0"},
    {file = "sortedcontainers-2.4.0.tar.gz", hash = "sha256:25caa5a06cc30b6b83d11423433f65d1f9d76c4c6a0c90e3379eaa43b9bfdb88"},
]
trio = [
    {file = "trio-0.18.0-py3-none-any.whl", hash = "sha256:a42af0634ba729cbfe8578be058750c6471dac19fbc7167ec6a3ca3f966fb424"},
    {file = "trio-0.18.0.tar.gz", hash = "sha256:87a66ae61f27fe500c9024926a9ba482c07e1e0f56380b70a264d19c435ba076"},
]
typing-extensions = [
    {file = "typing_extensions-3.7.4.3-py2-none-any.whl", hash = "sha256:dafc7639cde7f1b6e1acc0f457842a83e722ccca8eef5270af2d74792619a89f"},
    {file = "typing_extensions-3.7.4.3-py3-none-any.whl", hash = "sha256:7cb407020f00f7bfc3cb3e7881628838e69d8f3fcab2f64742a5e76b2f841918"},
    {file = "typing_extensions-3.7.4.3.tar.gz", hash = "sha256:99d4073b617d30288f569d3f13d2bd7548c3a7e4c8de87db09a9d29bb3a4a60c"},
]
watchdog = [
    {file = "watchdog-0.10.3.tar.gz", hash = "sha256:4214e1379d128b0588021880ccaf40317ee156d4603ac388b9adcf29165e0c04"},
]
